
Microsoft Visual Studio Solution File, Format Version 12.00
# Visual Studio Version 17
VisualStudioVersion = 17.2.32526.322
MinimumVisualStudioVersion = 10.0.40219.1
Project("{9A19103F-16F7-4668-BE54-9A1E7A4F7556}") = "KampIntro", "KampIntro\KampIntro.csproj", "{365592AF-E6C2-417F-99E1-254EEA4C4340}"
EndProject
Project("{9A19103F-16F7-4668-BE54-9A1E7A4F7556}") = "Donguler", "Donguler\Donguler.csproj", "{E2BDFB0E-B682-4B93-8473-9DE50758CFA6}"
EndProject
Project("{9A19103F-16F7-4668-BE54-9A1E7A4F7556}") = "ClassIntro", "ClassIntro\ClassIntro.csproj", "{BB193FE6-7A16-4B39-914B-E6F9F34C8CFA}"
EndProject
Project("{9A19103F-16F7-4668-BE54-9A1E7A4F7556}") = "Metotlar", "Methods\Metotlar.csproj", "{C9294E1B-E475-4851-9F24-74D5666D18BD}"
EndProject
Project("{9A19103F-16F7-4668-BE54-9A1E7A4F7556}") = "Matematik", "Matematik\Matematik.csproj", "{5EC39D81-E061-4BA5-B35A-7EC6585EF21E}"
EndProject
Project("{9A19103F-16F7-4668-BE54-9A1E7A4F7556}") = "DegerVeReferansTipler", "DegerVeReferansTipler\DegerVeReferansTipler.csproj", "{251511EA-A825-45C2-AE86-03E6D63CCC84}"
EndProject
Project("{9A19103F-16F7-4668-BE54-9A1E7A4F7556}") = "OOP1", "OOP1\OOP1.csproj", "{61F10211-15C5-4151-BA8D-8E85F7CFF232}"
EndProject
Project("{9A19103F-16F7-4668-BE54-9A1E7A4F7556}") = "Koleksiyonlar", "Koleksiyonlar\Koleksiyonlar.csproj", "{1D7A43A8-CFEF-4F70-81BC-6DFC0C862967}"
EndProject
Project("{9A19103F-16F7-4668-BE54-9A1E7A4F7556}") = "GenericIntro", "GenericIntro\GenericIntro.csproj", "{8C6BE018-CEB7-4E52-AA53-0330AB2C3605}"
EndProject
Project("{FAE04EC0-301F-11D3-BF4B-00C04F79EFBC}") = "OOP2", "OOP2\OOP2.csproj", "{22277CC1-D4F1-47C3-93A7-3FB2C7792483}"
EndProject
Project("{FAE04EC0-301F-11D3-BF4B-00C04F79EFBC}") = "OOP3", "OOP3\OOP3.csproj", "{5B68C267-88CE-4533-84EE-7F0B99F9BBD0}"
EndProject
Global
	GlobalSection(SolutionConfigurationPlatforms) = preSolution
		Debug|Any CPU = Debug|Any CPU
		Release|Any CPU = Release|Any CPU
	EndGlobalSection
	GlobalSection(ProjectConfigurationPlatforms) = postSolution
		{365592AF-E6C2-417F-99E1-254EEA4C4340}.Debug|Any CPU.ActiveCfg = Debug|Any CPU
		{365592AF-E6C2-417F-99E1-254EEA4C4340}.Debug|Any CPU.Build.0 = Debug|Any CPU
		{365592AF-E6C2-417F-99E1-254EEA4C4340}.Release|Any CPU.ActiveCfg = Release|Any CPU
		{365592AF-E6C2-417F-99E1-254EEA4C4340}.Release|Any CPU.Build.0 = Release|Any CPU
		{E2BDFB0E-B682-4B93-8473-9DE50758CFA6}.Debug|Any CPU.ActiveCfg = Debug|Any CPU
		{E2BDFB0E-B682-4B93-8473-9DE50758CFA6}.Debug|Any CPU.Build.0 = Debug|Any CPU
		{E2BDFB0E-B682-4B93-8473-9DE50758CFA6}.Release|Any CPU.ActiveCfg = Release|Any CPU
		{E2BDFB0E-B682-4B93-8473-9DE50758CFA6}.Release|Any CPU.Build.0 = Release|Any CPU
		{BB193FE6-7A16-4B39-914B-E6F9F34C8CFA}.Debug|Any CPU.ActiveCfg = Debug|Any CPU
		{BB193FE6-7A16-4B39-914B-E6F9F34C8CFA}.Debug|Any CPU.Build.0 = Debug|Any CPU
		{BB193FE6-7A16-4B39-914B-E6F9F34C8CFA}.Release|Any CPU.ActiveCfg = Release|Any CPU
		{BB193FE6-7A16-4B39-914B-E6F9F34C8CFA}.Release|Any CPU.Build.0 = Release|Any CPU
		{C9294E1B-E475-4851-9F24-74D5666D18BD}.Debug|Any CPU.ActiveCfg = Debug|Any CPU
		{C9294E1B-E475-4851-9F24-74D5666D18BD}.Debug|Any CPU.Build.0 = Debug|Any CPU
		{C9294E1B-E475-4851-9F24-74D5666D18BD}.Release|Any CPU.ActiveCfg = Release|Any CPU
		{C9294E1B-E475-4851-9F24-74D5666D18BD}.Release|Any CPU.Build.0 = Release|Any CPU
		{5EC39D81-E061-4BA5-B35A-7EC6585EF21E}.Debug|Any CPU.ActiveCfg = Debug|Any CPU
		{5EC39D81-E061-4BA5-B35A-7EC6585EF21E}.Debug|Any CPU.Build.0 = Debug|Any CPU
		{5EC39D81-E061-4BA5-B35A-7EC6585EF21E}.Release|Any CPU.ActiveCfg = Release|Any CPU
		{5EC39D81-E061-4BA5-B35A-7EC6585EF21E}.Release|Any CPU.Build.0 = Release|Any CPU
		{251511EA-A825-45C2-AE86-03E6D63CCC84}.Debug|Any CPU.ActiveCfg = Debug|Any CPU
		{251511EA-A825-45C2-AE86-03E6D63CCC84}.Debug|Any CPU.Build.0 = Debug|Any CPU
		{251511EA-A825-45C2-AE86-03E6D63CCC84}.Release|Any CPU.ActiveCfg = Release|Any CPU
		{251511EA-A825-45C2-AE86-03E6D63CCC84}.Release|Any CPU.Build.0 = Release|Any CPU
		{61F10211-15C5-4151-BA8D-8E85F7CFF232}.Debug|Any CPU.ActiveCfg = Debug|Any CPU
		{61F10211-15C5-4151-BA8D-8E85F7CFF232}.Debug|Any CPU.Build.0 = Debug|Any CPU
		{61F10211-15C5-4151-BA8D-8E85F7CFF232}.Release|Any CPU.ActiveCfg = Release|Any CPU
		{61F10211-15C5-4151-BA8D-8E85F7CFF232}.Release|Any CPU.Build.0 = Release|Any CPU
		{1D7A43A8-CFEF-4F70-81BC-6DFC0C862967}.Debug|Any CPU.ActiveCfg = Debug|Any CPU
		{1D7A43A8-CFEF-4F70-81BC-6DFC0C862967}.Debug|Any CPU.Build.0 = Debug|Any CPU
		{1D7A43A8-CFEF-4F70-81BC-6DFC0C862967}.Release|Any CPU.ActiveCfg = Release|Any CPU
		{1D7A43A8-CFEF-4F70-81BC-6DFC0C862967}.Release|Any CPU.Build.0 = Release|Any CPU
		{8C6BE018-CEB7-4E52-AA53-0330AB2C3605}.Debug|Any CPU.ActiveCfg = Debug|Any CPU
		{8C6BE018-CEB7-4E52-AA53-0330AB2C3605}.Debug|Any CPU.Build.0 = Debug|Any CPU
		{8C6BE018-CEB7-4E52-AA53-0330AB2C3605}.Release|Any CPU.ActiveCfg = Release|Any CPU
		{8C6BE018-CEB7-4E52-AA53-0330AB2C3605}.Release|Any CPU.Build.0 = Release|Any CPU
		{22277CC1-D4F1-47C3-93A7-3FB2C7792483}.Debug|Any CPU.ActiveCfg = Debug|Any CPU
		{22277CC1-D4F1-47C3-93A7-3FB2C7792483}.Debug|Any CPU.Build.0 = Debug|Any CPU
		{22277CC1-D4F1-47C3-93A7-3FB2C7792483}.Release|Any CPU.ActiveCfg = Release|Any CPU
		{22277CC1-D4F1-47C3-93A7-3FB2C7792483}.Release|Any CPU.Build.0 = Release|Any CPU
		{5B68C267-88CE-4533-84EE-7F0B99F9BBD0}.Debug|Any CPU.ActiveCfg = Debug|Any CPU
		{5B68C267-88CE-4533-84EE-7F0B99F9BBD0}.Debug|Any CPU.Build.0 = Debug|Any CPU
		{5B68C267-88CE-4533-84EE-7F0B99F9BBD0}.Release|Any CPU.ActiveCfg = Release|Any CPU
		{5B68C267-88CE-4533-84EE-7F0B99F9BBD0}.Release|Any CPU.Build.0 = Release|Any CPU
	EndGlobalSection
	GlobalSection(SolutionProperties) = preSolution
		HideSolutionNode = FALSE
	EndGlobalSection
	GlobalSection(ExtensibilityGlobals) = postSolution
		SolutionGuid = {2E2CDEFA-9D71-4070-AD29-721E96274A21}
	EndGlobalSection
EndGlobal
